
Microsoft Visual Studio Solution File, Format Version 12.00
# Visual Studio 15
VisualStudioVersion = 15.0.27703.2042
MinimumVisualStudioVersion = 10.0.40219.1
Project("{FAE04EC0-301F-11D3-BF4B-00C04F79EFBC}") = "PocErrorHandling", "PocErrorHandling\PocErrorHandling.csproj", "{C6C03BBC-F801-4268-A702-AD0D2C1AE097}"
EndProject
Global
	GlobalSection(SolutionConfigurationPlatforms) = preSolution
		Debug|Any CPU = Debug|Any CPU
		Release|Any CPU = Release|Any CPU
	EndGlobalSection
	GlobalSection(ProjectConfigurationPlatforms) = postSolution
		{C6C03BBC-F801-4268-A702-AD0D2C1AE097}.Debug|Any CPU.ActiveCfg = Debug|Any CPU
		{C6C03BBC-F801-4268-A702-AD0D2C1AE097}.Debug|Any CPU.Build.0 = Debug|Any CPU
		{C6C03BBC-F801-4268-A702-AD0D2C1AE097}.Release|Any CPU.ActiveCfg = Release|Any CPU
		{C6C03BBC-F801-4268-A702-AD0D2C1AE097}.Release|Any CPU.Build.0 = Release|Any CPU
	EndGlobalSection
	GlobalSection(SolutionProperties) = preSolution
		HideSolutionNode = FALSE
	EndGlobalSection
	GlobalSection(ExtensibilityGlobals) = postSolution
		SolutionGuid = {086F7B94-A37A-411E-A0D1-18253BC451E7}
	EndGlobalSection
EndGlobal
